// !$*UTF8*$!
{
	archiveVersion = 1;
	classes = {
	};
	objectVersion = 56;
	objects = {

/* Begin PBXBuildFile section */
		6A31D37C2B97F87600DD0AD0 /* Vector2D.cpp in Sources */ = {isa = PBXBuildFile; fileRef = 6A31D3792B97F87600DD0AD0 /* Vector2D.cpp */; };
		6A31D37D2B97F87600DD0AD0 /* Main.cpp in Sources */ = {isa = PBXBuildFile; fileRef = 6A31D37B2B97F87600DD0AD0 /* Main.cpp */; };
		6A31D3802B97F94700DD0AD0 /* Polygon.cpp in Sources */ = {isa = PBXBuildFile; fileRef = 6A31D37E2B97F94700DD0AD0 /* Polygon.cpp */; };
/* End PBXBuildFile section */

/* Begin PBXCopyFilesBuildPhase section */
		6A31D36C2B97F7A900DD0AD0 /* CopyFiles */ = {
			isa = PBXCopyFilesBuildPhase;
			buildActionMask = 2147483647;
			dstPath = /usr/share/man/man1/;
			dstSubfolderSpec = 0;
			files = (
			);
			runOnlyForDeploymentPostprocessing = 1;
		};
/* End PBXCopyFilesBuildPhase section */

/* Begin PBXFileReference section */
		6A31D36E2B97F7A900DD0AD0 /* Lab02 */ = {isa = PBXFileReference; explicitFileType = "compiled.mach-o.executable"; includeInIndex = 0; path = Lab02; sourceTree = BUILT_PRODUCTS_DIR; };
		6A31D3782B97F87600DD0AD0 /* Polygon.h */ = {isa = PBXFileReference; fileEncoding = 4; lastKnownFileType = sourcecode.c.h; path = Polygon.h; sourceTree = "<group>"; };
		6A31D3792B97F87600DD0AD0 /* Vector2D.cpp */ = {isa = PBXFileReference; fileEncoding = 4; lastKnownFileType = sourcecode.cpp.cpp; path = Vector2D.cpp; sourceTree = "<group>"; };
		6A31D37A2B97F87600DD0AD0 /* Vector2D.h */ = {isa = PBXFileReference; fileEncoding = 4; lastKnownFileType = sourcecode.c.h; path = Vector2D.h; sourceTree = "<group>"; };
		6A31D37B2B97F87600DD0AD0 /* Main.cpp */ = {isa = PBXFileReference; fileEncoding = 4; lastKnownFileType = sourcecode.cpp.cpp; name = Main.cpp; path = ../../../Main.cpp; sourceTree = "<group>"; };
		6A31D37E2B97F94700DD0AD0 /* Polygon.cpp */ = {isa = PBXFileReference; lastKnownFileType = sourcecode.cpp.cpp; path = Polygon.cpp; sourceTree = "<group>"; };
		6A31D37F2B97F94700DD0AD0 /* Polygon.hpp */ = {isa = PBXFileReference; lastKnownFileType = sourcecode.cpp.h; path = Polygon.hpp; sourceTree = "<group>"; };
		6A31D3812B97FFF200DD0AD0 /* Data.txt */ = {isa = PBXFileReference; fileEncoding = 4; lastKnownFileType = text; path = Data.txt; sourceTree = "<group>"; };
/* End PBXFileReference section */

/* Begin PBXFrameworksBuildPhase section */
		6A31D36B2B97F7A900DD0AD0 /* Frameworks */ = {
			isa = PBXFrameworksBuildPhase;
			buildActionMask = 2147483647;
			files = (
			);
			runOnlyForDeploymentPostprocessing = 0;
		};
/* End PBXFrameworksBuildPhase section */

/* Begin PBXGroup section */
		6A31D3652B97F7A900DD0AD0 = {
			isa = PBXGroup;
			children = (
				6A31D3702B97F7A900DD0AD0 /* Lab02 */,
				6A31D36F2B97F7A900DD0AD0 /* Products */,
			);
			sourceTree = "<group>";
		};
		6A31D36F2B97F7A900DD0AD0 /* Products */ = {
			isa = PBXGroup;
			children = (
				6A31D36E2B97F7A900DD0AD0 /* Lab02 */,
			);
			name = Products;
			sourceTree = "<group>";
		};
		6A31D3702B97F7A900DD0AD0 /* Lab02 */ = {
			isa = PBXGroup;
			children = (
				6A31D3812B97FFF200DD0AD0 /* Data.txt */,
				6A31D37B2B97F87600DD0AD0 /* Main.cpp */,
				6A31D3782B97F87600DD0AD0 /* Polygon.h */,
				6A31D3792B97F87600DD0AD0 /* Vector2D.cpp */,
				6A31D37A2B97F87600DD0AD0 /* Vector2D.h */,
				6A31D37E2B97F94700DD0AD0 /* Polygon.cpp */,
				6A31D37F2B97F94700DD0AD0 /* Polygon.hpp */,
			);
			path = Lab02;
			sourceTree = "<group>";
		};
/* End PBXGroup section */

/* Begin PBXNativeTarget section */
		6A31D36D2B97F7A900DD0AD0 /* Lab02 */ = {
			isa = PBXNativeTarget;
			buildConfigurationList = 6A31D3752B97F7A900DD0AD0 /* Build configuration list for PBXNativeTarget "Lab02" */;
			buildPhases = (
				6A31D36A2B97F7A900DD0AD0 /* Sources */,
				6A31D36B2B97F7A900DD0AD0 /* Frameworks */,
				6A31D36C2B97F7A900DD0AD0 /* CopyFiles */,
			);
			buildRules = (
			);
			dependencies = (
			);
			name = Lab02;
			productName = Lab02;
			productReference = 6A31D36E2B97F7A900DD0AD0 /* Lab02 */;
			productType = "com.apple.product-type.tool";
		};
/* End PBXNativeTarget section */

/* Begin PBXProject section */
		6A31D3662B97F7A900DD0AD0 /* Project object */ = {
			isa = PBXProject;
			attributes = {
				BuildIndependentTargetsInParallel = 1;
				LastUpgradeCheck = 1420;
				TargetAttributes = {
					6A31D36D2B97F7A900DD0AD0 = {
						CreatedOnToolsVersion = 14.2;
					};
				};
			};
			buildConfigurationList = 6A31D3692B97F7A900DD0AD0 /* Build configuration list for PBXProject "Lab02" */;
			compatibilityVersion = "Xcode 14.0";
			developmentRegion = en;
			hasScannedForEncodings = 0;
			knownRegions = (
				en,
				Base,
			);
			mainGroup = 6A31D3652B97F7A900DD0AD0;
			productRefGroup = 6A31D36F2B97F7A900DD0AD0 /* Products */;
			projectDirPath = "";
			projectRoot = "";
			targets = (
				6A31D36D2B97F7A900DD0AD0 /* Lab02 */,
			);
		};
/* End PBXProject section */

/* Begin PBXSourcesBuildPhase section */
		6A31D36A2B97F7A900DD0AD0 /* Sources */ = {
			isa = PBXSourcesBuildPhase;
			buildActionMask = 2147483647;
			files = (
				6A31D3802B97F94700DD0AD0 /* Polygon.cpp in Sources */,
				6A31D37D2B97F87600DD0AD0 /* Main.cpp in Sources */,
				6A31D37C2B97F87600DD0AD0 /* Vector2D.cpp in Sources */,
			);
			runOnlyForDeploymentPostprocessing = 0;
		};
/* End PBXSourcesBuildPhase section */

/* Begin XCBuildConfiguration section */
		6A31D3732B97F7A900DD0AD0 /* Debug */ = {
			isa = XCBuildConfiguration;
			buildSettings = {
				ALWAYS_SEARCH_USER_PATHS = NO;
				CLANG_ANALYZER_NONNULL = YES;
				CLANG_ANALYZER_NUMBER_OBJECT_CONVERSION = YES_AGGRESSIVE;
				CLANG_CXX_LANGUAGE_STANDARD = "c++17";
				CLANG_ENABLE_MODULES = YES;
				CLANG_ENABLE_OBJC_ARC = YES;
				CLANG_ENABLE_OBJC_WEAK = YES;
				CLANG_WARN_BLOCK_CAPTURE_AUTORELEASING = YES;
				CLANG_WARN_BOOL_CONVERSION = YES;
				CLANG_WARN_COMMA = YES;
				CLANG_WARN_CONSTANT_CONVERSION = YES;
				CLANG_WARN_DEPRECATED_OBJC_IMPLEMENTATIONS = YES;
				CLANG_WARN_DIRECT_OBJC_ISA_USAGE = YES_ERROR;
				CLANG_WARN_DOCUMENTATION_COMMENTS = YES;
				CLANG_WARN_EMPTY_BODY = YES;
				CLANG_WARN_ENUM_CONVERSION = YES;
				CLANG_WARN_INFINITE_RECURSION = YES;
				CLANG_WARN_INT_CONVERSION = YES;
				CLANG_WARN_NON_LITERAL_NULL_CONVERSION = YES;
				CLANG_WARN_OBJC_IMPLICIT_RETAIN_SELF = YES;
				CLANG_WARN_OBJC_LITERAL_CONVERSION = YES;
				CLANG_WARN_OBJC_ROOT_CLASS = YES_ERROR;
				CLANG_WARN_QUOTED_INCLUDE_IN_FRAMEWORK_HEADER = YES;
				CLANG_WARN_RANGE_LOOP_ANALYSIS = YES;
				CLANG_WARN_STRICT_PROTOTYPES = YES;
				CLANG_WARN_SUSPICIOUS_MOVE = YES;
				CLANG_WARN_UNGUARDED_AVAILABILITY = YES_AGGRESSIVE;
				CLANG_WARN_UNREACHABLE_CODE = YES;
				CLANG_WARN__DUPLICATE_METHOD_MATCH = YES;
				COPY_PHASE_STRIP = NO;
				DEBUG_INFORMATION_FORMAT = dwarf;
				ENABLE_STRICT_OBJC_MSGSEND = YES;
				ENABLE_TESTABILITY = YES;
				GCC_C_LANGUAGE_STANDARD = gnu11;
				GCC_DYNAMIC_NO_PIC = NO;
				GCC_NO_COMMON_BLOCKS = YES;
				GCC_OPTIMIZATION_LEVEL = 0;
				GCC_PREPROCESSOR_DEFINITIONS = (
					"DEBUG=1",
					"$(inherited)",
				);
				GCC_WARN_64_TO_32_BIT_CONVERSION = YES;
				GCC_WARN_ABOUT_RETURN_TYPE = YES_ERROR;
				GCC_WARN_UNDECLARED_SELECTOR = YES;
				GCC_WARN_UNINITIALIZED_AUTOS = YES_AGGRESSIVE;
				GCC_WARN_UNUSED_FUNCTION = YES;
				GCC_WARN_UNUSED_VARIABLE = YES;
				MACOSX_DEPLOYMENT_TARGET = 12.6;
				MTL_ENABLE_DEBUG_INFO = INCLUDE_SOURCE;
				MTL_FAST_MATH = YES;
				ONLY_ACTIVE_ARCH = YES;
				SDKROOT = macosx;
			};
			name = Debug;
		};
		6A31D3742B97F7A900DD0AD0 /* Release */ = {
			isa = XCBuildConfiguration;
			buildSettings = {
				ALWAYS_SEARCH_USER_PATHS = NO;
				CLANG_ANALYZER_NONNULL = YES;
				CLANG_ANALYZER_NUMBER_OBJECT_CONVERSION = YES_AGGRESSIVE;
				CLANG_CXX_LANGUAGE_STANDARD = "c++17";
				CLANG_ENABLE_MODULES = YES;
				CLANG_ENABLE_OBJC_ARC = YES;
				CLANG_ENABLE_OBJC_WEAK = YES;
				CLANG_WARN_BLOCK_CAPTURE_AUTORELEASING = YES;
				CLANG_WARN_BOOL_CONVERSION = YES;
				CLANG_WARN_COMMA = YES;
				CLANG_WARN_CONSTANT_CONVERSION = YES;
				CLANG_WARN_DEPRECATED_OBJC_IMPLEMENTATIONS = YES;
				CLANG_WARN_DIRECT_OBJC_ISA_USAGE = YES_ERROR;
				CLANG_WARN_DOCUMENTATION_COMMENTS = YES;
				CLANG_WARN_EMPTY_BODY = YES;
				CLANG_WARN_ENUM_CONVERSION = YES;
				CLANG_WARN_INFINITE_RECURSION = YES;
				CLANG_WARN_INT_CONVERSION = YES;
				CLANG_WARN_NON_LITERAL_NULL_CONVERSION = YES;
				CLANG_WARN_OBJC_IMPLICIT_RETAIN_SELF = YES;
				CLANG_WARN_OBJC_LITERAL_CONVERSION = YES;
				CLANG_WARN_OBJC_ROOT_CLASS = YES_ERROR;
				CLANG_WARN_QUOTED_INCLUDE_IN_FRAMEWORK_HEADER = YES;
				CLANG_WARN_RANGE_LOOP_ANALYSIS = YES;
				CLANG_WARN_STRICT_PROTOTYPES = YES;
				CLANG_WARN_SUSPICIOUS_MOVE = YES;
				CLANG_WARN_UNGUARDED_AVAILABILITY = YES_AGGRESSIVE;
				CLANG_WARN_UNREACHABLE_CODE = YES;
				CLANG_WARN__DUPLICATE_METHOD_MATCH = YES;
				COPY_PHASE_STRIP = NO;
				DEBUG_INFORMATION_FORMAT = "dwarf-with-dsym";
				ENABLE_NS_ASSERTIONS = NO;
				ENABLE_STRICT_OBJC_MSGSEND = YES;
				GCC_C_LANGUAGE_STANDARD = gnu11;
				GCC_NO_COMMON_BLOCKS = YES;
				GCC_WARN_64_TO_32_BIT_CONVERSION = YES;
				GCC_WARN_ABOUT_RETURN_TYPE = YES_ERROR;
				GCC_WARN_UNDECLARED_SELECTOR = YES;
				GCC_WARN_UNINITIALIZED_AUTOS = YES_AGGRESSIVE;
				GCC_WARN_UNUSED_FUNCTION = YES;
				GCC_WARN_UNUSED_VARIABLE = YES;
				MACOSX_DEPLOYMENT_TARGET = 12.6;
				MTL_ENABLE_DEBUG_INFO = NO;
				MTL_FAST_MATH = YES;
				SDKROOT = macosx;
			};
			name = Release;
		};
		6A31D3762B97F7A900DD0AD0 /* Debug */ = {
			isa = XCBuildConfiguration;
			buildSettings = {
				CODE_SIGN_STYLE = Automatic;
				PRODUCT_NAME = "$(TARGET_NAME)";
			};
			name = Debug;
		};
		6A31D3772B97F7A900DD0AD0 /* Release */ = {
			isa = XCBuildConfiguration;
			buildSettings = {
				CODE_SIGN_STYLE = Automatic;
				PRODUCT_NAME = "$(TARGET_NAME)";
			};
			name = Release;
		};
/* End XCBuildConfiguration section */

/* Begin XCConfigurationList section */
		6A31D3692B97F7A900DD0AD0 /* Build configuration list for PBXProject "Lab02" */ = {
			isa = XCConfigurationList;
			buildConfigurations = (
				6A31D3732B97F7A900DD0AD0 /* Debug */,
				6A31D3742B97F7A900DD0AD0 /* Release */,
			);
			defaultConfigurationIsVisible = 0;
			defaultConfigurationName = Release;
		};
		6A31D3752B97F7A900DD0AD0 /* Build configuration list for PBXNativeTarget "Lab02" */ = {
			isa = XCConfigurationList;
			buildConfigurations = (
				6A31D3762B97F7A900DD0AD0 /* Debug */,
				6A31D3772B97F7A900DD0AD0 /* Release */,
			);
			defaultConfigurationIsVisible = 0;
			defaultConfigurationName = Release;
		};
/* End XCConfigurationList section */
	};
	rootObject = 6A31D3662B97F7A900DD0AD0 /* Project object */;
}
