// !$*UTF8*$!
{
	archiveVersion = 1;
	classes = {
	};
	objectVersion = 56;
	objects = {

/* Begin PBXBuildFile section */
		6A82E4732BE4E26800635AE1 /* ofstream12.cpp in Sources */ = {isa = PBXBuildFile; fileRef = 6A82E4702BE4E26800635AE1 /* ofstream12.cpp */; };
		6A82E4742BE4E26800635AE1 /* main.cpp in Sources */ = {isa = PBXBuildFile; fileRef = 6A82E4712BE4E26800635AE1 /* main.cpp */; };
		6AD5B0FD2BE5E27F00578FCC /* ifstream12.cpp in Sources */ = {isa = PBXBuildFile; fileRef = 6AD5B0FC2BE5E27F00578FCC /* ifstream12.cpp */; };
/* End PBXBuildFile section */

/* Begin PBXCopyFilesBuildPhase section */
		6A82E4622BE4E23700635AE1 /* CopyFiles */ = {
			isa = PBXCopyFilesBuildPhase;
			buildActionMask = 2147483647;
			dstPath = /usr/share/man/man1/;
			dstSubfolderSpec = 0;
			files = (
			);
			runOnlyForDeploymentPostprocessing = 1;
		};
/* End PBXCopyFilesBuildPhase section */

/* Begin PBXFileReference section */
		6A82E4642BE4E23700635AE1 /* ProblemSet3 */ = {isa = PBXFileReference; explicitFileType = "compiled.mach-o.executable"; includeInIndex = 0; path = ProblemSet3; sourceTree = BUILT_PRODUCTS_DIR; };
		6A82E46E2BE4E26800635AE1 /* sample.lzw */ = {isa = PBXFileReference; fileEncoding = 4; lastKnownFileType = text; path = sample.lzw; sourceTree = "<group>"; };
		6A82E46F2BE4E26800635AE1 /* ifstream12.h */ = {isa = PBXFileReference; fileEncoding = 4; lastKnownFileType = sourcecode.c.h; path = ifstream12.h; sourceTree = "<group>"; };
		6A82E4702BE4E26800635AE1 /* ofstream12.cpp */ = {isa = PBXFileReference; fileEncoding = 4; lastKnownFileType = sourcecode.cpp.cpp; path = ofstream12.cpp; sourceTree = "<group>"; };
		6A82E4712BE4E26800635AE1 /* main.cpp */ = {isa = PBXFileReference; fileEncoding = 4; lastKnownFileType = sourcecode.cpp.cpp; path = main.cpp; sourceTree = "<group>"; };
		6A82E4722BE4E26800635AE1 /* ofstream12.h */ = {isa = PBXFileReference; fileEncoding = 4; lastKnownFileType = sourcecode.c.h; path = ofstream12.h; sourceTree = "<group>"; };
		6AD5B0FC2BE5E27F00578FCC /* ifstream12.cpp */ = {isa = PBXFileReference; lastKnownFileType = sourcecode.cpp.cpp; path = ifstream12.cpp; sourceTree = "<group>"; };
/* End PBXFileReference section */

/* Begin PBXFrameworksBuildPhase section */
		6A82E4612BE4E23700635AE1 /* Frameworks */ = {
			isa = PBXFrameworksBuildPhase;
			buildActionMask = 2147483647;
			files = (
			);
			runOnlyForDeploymentPostprocessing = 0;
		};
/* End PBXFrameworksBuildPhase section */

/* Begin PBXGroup section */
		6A82E45B2BE4E23700635AE1 = {
			isa = PBXGroup;
			children = (
				6A82E4662BE4E23700635AE1 /* ProblemSet3 */,
				6A82E4652BE4E23700635AE1 /* Products */,
			);
			sourceTree = "<group>";
		};
		6A82E4652BE4E23700635AE1 /* Products */ = {
			isa = PBXGroup;
			children = (
				6A82E4642BE4E23700635AE1 /* ProblemSet3 */,
			);
			name = Products;
			sourceTree = "<group>";
		};
		6A82E4662BE4E23700635AE1 /* ProblemSet3 */ = {
			isa = PBXGroup;
			children = (
				6A82E46F2BE4E26800635AE1 /* ifstream12.h */,
				6A82E4712BE4E26800635AE1 /* main.cpp */,
				6A82E4702BE4E26800635AE1 /* ofstream12.cpp */,
				6A82E4722BE4E26800635AE1 /* ofstream12.h */,
				6A82E46E2BE4E26800635AE1 /* sample.lzw */,
				6AD5B0FC2BE5E27F00578FCC /* ifstream12.cpp */,
			);
			path = ProblemSet3;
			sourceTree = "<group>";
		};
/* End PBXGroup section */

/* Begin PBXNativeTarget section */
		6A82E4632BE4E23700635AE1 /* ProblemSet3 */ = {
			isa = PBXNativeTarget;
			buildConfigurationList = 6A82E46B2BE4E23700635AE1 /* Build configuration list for PBXNativeTarget "ProblemSet3" */;
			buildPhases = (
				6A82E4602BE4E23700635AE1 /* Sources */,
				6A82E4612BE4E23700635AE1 /* Frameworks */,
				6A82E4622BE4E23700635AE1 /* CopyFiles */,
			);
			buildRules = (
			);
			dependencies = (
			);
			name = ProblemSet3;
			productName = ProblemSet3;
			productReference = 6A82E4642BE4E23700635AE1 /* ProblemSet3 */;
			productType = "com.apple.product-type.tool";
		};
/* End PBXNativeTarget section */

/* Begin PBXProject section */
		6A82E45C2BE4E23700635AE1 /* Project object */ = {
			isa = PBXProject;
			attributes = {
				BuildIndependentTargetsInParallel = 1;
				LastUpgradeCheck = 1420;
				TargetAttributes = {
					6A82E4632BE4E23700635AE1 = {
						CreatedOnToolsVersion = 14.2;
					};
				};
			};
			buildConfigurationList = 6A82E45F2BE4E23700635AE1 /* Build configuration list for PBXProject "ProblemSet3" */;
			compatibilityVersion = "Xcode 14.0";
			developmentRegion = en;
			hasScannedForEncodings = 0;
			knownRegions = (
				en,
				Base,
			);
			mainGroup = 6A82E45B2BE4E23700635AE1;
			productRefGroup = 6A82E4652BE4E23700635AE1 /* Products */;
			projectDirPath = "";
			projectRoot = "";
			targets = (
				6A82E4632BE4E23700635AE1 /* ProblemSet3 */,
			);
		};
/* End PBXProject section */

/* Begin PBXSourcesBuildPhase section */
		6A82E4602BE4E23700635AE1 /* Sources */ = {
			isa = PBXSourcesBuildPhase;
			buildActionMask = 2147483647;
			files = (
				6A82E4742BE4E26800635AE1 /* main.cpp in Sources */,
				6AD5B0FD2BE5E27F00578FCC /* ifstream12.cpp in Sources */,
				6A82E4732BE4E26800635AE1 /* ofstream12.cpp in Sources */,
			);
			runOnlyForDeploymentPostprocessing = 0;
		};
/* End PBXSourcesBuildPhase section */

/* Begin XCBuildConfiguration section */
		6A82E4692BE4E23700635AE1 /* Debug */ = {
			isa = XCBuildConfiguration;
			buildSettings = {
				ALWAYS_SEARCH_USER_PATHS = NO;
				CLANG_ANALYZER_NONNULL = YES;
				CLANG_ANALYZER_NUMBER_OBJECT_CONVERSION = YES_AGGRESSIVE;
				CLANG_CXX_LANGUAGE_STANDARD = "gnu++20";
				CLANG_ENABLE_MODULES = YES;
				CLANG_ENABLE_OBJC_ARC = YES;
				CLANG_ENABLE_OBJC_WEAK = YES;
				CLANG_WARN_BLOCK_CAPTURE_AUTORELEASING = YES;
				CLANG_WARN_BOOL_CONVERSION = YES;
				CLANG_WARN_COMMA = YES;
				CLANG_WARN_CONSTANT_CONVERSION = YES;
				CLANG_WARN_DEPRECATED_OBJC_IMPLEMENTATIONS = YES;
				CLANG_WARN_DIRECT_OBJC_ISA_USAGE = YES_ERROR;
				CLANG_WARN_DOCUMENTATION_COMMENTS = YES;
				CLANG_WARN_EMPTY_BODY = YES;
				CLANG_WARN_ENUM_CONVERSION = YES;
				CLANG_WARN_INFINITE_RECURSION = YES;
				CLANG_WARN_INT_CONVERSION = YES;
				CLANG_WARN_NON_LITERAL_NULL_CONVERSION = YES;
				CLANG_WARN_OBJC_IMPLICIT_RETAIN_SELF = YES;
				CLANG_WARN_OBJC_LITERAL_CONVERSION = YES;
				CLANG_WARN_OBJC_ROOT_CLASS = YES_ERROR;
				CLANG_WARN_QUOTED_INCLUDE_IN_FRAMEWORK_HEADER = YES;
				CLANG_WARN_RANGE_LOOP_ANALYSIS = YES;
				CLANG_WARN_STRICT_PROTOTYPES = YES;
				CLANG_WARN_SUSPICIOUS_MOVE = YES;
				CLANG_WARN_UNGUARDED_AVAILABILITY = YES_AGGRESSIVE;
				CLANG_WARN_UNREACHABLE_CODE = YES;
				CLANG_WARN__DUPLICATE_METHOD_MATCH = YES;
				COPY_PHASE_STRIP = NO;
				DEBUG_INFORMATION_FORMAT = dwarf;
				ENABLE_STRICT_OBJC_MSGSEND = YES;
				ENABLE_TESTABILITY = YES;
				GCC_C_LANGUAGE_STANDARD = gnu11;
				GCC_DYNAMIC_NO_PIC = NO;
				GCC_NO_COMMON_BLOCKS = YES;
				GCC_OPTIMIZATION_LEVEL = 0;
				GCC_PREPROCESSOR_DEFINITIONS = (
					"DEBUG=1",
					"$(inherited)",
				);
				GCC_WARN_64_TO_32_BIT_CONVERSION = YES;
				GCC_WARN_ABOUT_RETURN_TYPE = YES_ERROR;
				GCC_WARN_UNDECLARED_SELECTOR = YES;
				GCC_WARN_UNINITIALIZED_AUTOS = YES_AGGRESSIVE;
				GCC_WARN_UNUSED_FUNCTION = YES;
				GCC_WARN_UNUSED_VARIABLE = YES;
				MACOSX_DEPLOYMENT_TARGET = 12.6;
				MTL_ENABLE_DEBUG_INFO = INCLUDE_SOURCE;
				MTL_FAST_MATH = YES;
				ONLY_ACTIVE_ARCH = YES;
				SDKROOT = macosx;
			};
			name = Debug;
		};
		6A82E46A2BE4E23700635AE1 /* Release */ = {
			isa = XCBuildConfiguration;
			buildSettings = {
				ALWAYS_SEARCH_USER_PATHS = NO;
				CLANG_ANALYZER_NONNULL = YES;
				CLANG_ANALYZER_NUMBER_OBJECT_CONVERSION = YES_AGGRESSIVE;
				CLANG_CXX_LANGUAGE_STANDARD = "gnu++20";
				CLANG_ENABLE_MODULES = YES;
				CLANG_ENABLE_OBJC_ARC = YES;
				CLANG_ENABLE_OBJC_WEAK = YES;
				CLANG_WARN_BLOCK_CAPTURE_AUTORELEASING = YES;
				CLANG_WARN_BOOL_CONVERSION = YES;
				CLANG_WARN_COMMA = YES;
				CLANG_WARN_CONSTANT_CONVERSION = YES;
				CLANG_WARN_DEPRECATED_OBJC_IMPLEMENTATIONS = YES;
				CLANG_WARN_DIRECT_OBJC_ISA_USAGE = YES_ERROR;
				CLANG_WARN_DOCUMENTATION_COMMENTS = YES;
				CLANG_WARN_EMPTY_BODY = YES;
				CLANG_WARN_ENUM_CONVERSION = YES;
				CLANG_WARN_INFINITE_RECURSION = YES;
				CLANG_WARN_INT_CONVERSION = YES;
				CLANG_WARN_NON_LITERAL_NULL_CONVERSION = YES;
				CLANG_WARN_OBJC_IMPLICIT_RETAIN_SELF = YES;
				CLANG_WARN_OBJC_LITERAL_CONVERSION = YES;
				CLANG_WARN_OBJC_ROOT_CLASS = YES_ERROR;
				CLANG_WARN_QUOTED_INCLUDE_IN_FRAMEWORK_HEADER = YES;
				CLANG_WARN_RANGE_LOOP_ANALYSIS = YES;
				CLANG_WARN_STRICT_PROTOTYPES = YES;
				CLANG_WARN_SUSPICIOUS_MOVE = YES;
				CLANG_WARN_UNGUARDED_AVAILABILITY = YES_AGGRESSIVE;
				CLANG_WARN_UNREACHABLE_CODE = YES;
				CLANG_WARN__DUPLICATE_METHOD_MATCH = YES;
				COPY_PHASE_STRIP = NO;
				DEBUG_INFORMATION_FORMAT = "dwarf-with-dsym";
				ENABLE_NS_ASSERTIONS = NO;
				ENABLE_STRICT_OBJC_MSGSEND = YES;
				GCC_C_LANGUAGE_STANDARD = gnu11;
				GCC_NO_COMMON_BLOCKS = YES;
				GCC_WARN_64_TO_32_BIT_CONVERSION = YES;
				GCC_WARN_ABOUT_RETURN_TYPE = YES_ERROR;
				GCC_WARN_UNDECLARED_SELECTOR = YES;
				GCC_WARN_UNINITIALIZED_AUTOS = YES_AGGRESSIVE;
				GCC_WARN_UNUSED_FUNCTION = YES;
				GCC_WARN_UNUSED_VARIABLE = YES;
				MACOSX_DEPLOYMENT_TARGET = 12.6;
				MTL_ENABLE_DEBUG_INFO = NO;
				MTL_FAST_MATH = YES;
				SDKROOT = macosx;
			};
			name = Release;
		};
		6A82E46C2BE4E23700635AE1 /* Debug */ = {
			isa = XCBuildConfiguration;
			buildSettings = {
				CLANG_CXX_LANGUAGE_STANDARD = "c++17";
				CODE_SIGN_STYLE = Automatic;
				PRODUCT_NAME = "$(TARGET_NAME)";
			};
			name = Debug;
		};
		6A82E46D2BE4E23700635AE1 /* Release */ = {
			isa = XCBuildConfiguration;
			buildSettings = {
				CLANG_CXX_LANGUAGE_STANDARD = "c++17";
				CODE_SIGN_STYLE = Automatic;
				PRODUCT_NAME = "$(TARGET_NAME)";
			};
			name = Release;
		};
/* End XCBuildConfiguration section */

/* Begin XCConfigurationList section */
		6A82E45F2BE4E23700635AE1 /* Build configuration list for PBXProject "ProblemSet3" */ = {
			isa = XCConfigurationList;
			buildConfigurations = (
				6A82E4692BE4E23700635AE1 /* Debug */,
				6A82E46A2BE4E23700635AE1 /* Release */,
			);
			defaultConfigurationIsVisible = 0;
			defaultConfigurationName = Release;
		};
		6A82E46B2BE4E23700635AE1 /* Build configuration list for PBXNativeTarget "ProblemSet3" */ = {
			isa = XCConfigurationList;
			buildConfigurations = (
				6A82E46C2BE4E23700635AE1 /* Debug */,
				6A82E46D2BE4E23700635AE1 /* Release */,
			);
			defaultConfigurationIsVisible = 0;
			defaultConfigurationName = Release;
		};
/* End XCConfigurationList section */
	};
	rootObject = 6A82E45C2BE4E23700635AE1 /* Project object */;
}
