// !$*UTF8*$!
{
	archiveVersion = 1;
	classes = {
	};
	objectVersion = 56;
	objects = {

/* Begin PBXBuildFile section */
		6AB56FDA2BAA7DF4003EE710 /* Vector3D_PS1.cpp in Sources */ = {isa = PBXBuildFile; fileRef = 6AB56FD02BAA7DE7003EE710 /* Vector3D_PS1.cpp */; };
		6AB56FDD2BAA7DF4003EE710 /* Main.cpp in Sources */ = {isa = PBXBuildFile; fileRef = 6AB56FD62BAA7DF2003EE710 /* Main.cpp */; };
		6AB56FDF2BAA88D0003EE710 /* Matrix3x3_PS1.cpp in Sources */ = {isa = PBXBuildFile; fileRef = 6AB56FDE2BAA88D0003EE710 /* Matrix3x3_PS1.cpp */; };
		6AB56FEE2BABBFD9003EE710 /* Vector2D.cpp in Sources */ = {isa = PBXBuildFile; fileRef = 6AB56FE72BABBFD8003EE710 /* Vector2D.cpp */; };
		6AB56FEF2BABBFD9003EE710 /* Vector3D.cpp in Sources */ = {isa = PBXBuildFile; fileRef = 6AB56FE92BABBFD8003EE710 /* Vector3D.cpp */; };
		6AB56FF02BABBFD9003EE710 /* Polygon.cpp in Sources */ = {isa = PBXBuildFile; fileRef = 6AB56FEA2BABBFD8003EE710 /* Polygon.cpp */; };
		6AB56FF12BABBFD9003EE710 /* Matrix3x3.cpp in Sources */ = {isa = PBXBuildFile; fileRef = 6AB56FED2BABBFD9003EE710 /* Matrix3x3.cpp */; };
		6AB56FF32BABF124003EE710 /* Polygon_PS1.cpp in Sources */ = {isa = PBXBuildFile; fileRef = 6AB56FF22BABF124003EE710 /* Polygon_PS1.cpp */; };
/* End PBXBuildFile section */

/* Begin PBXCopyFilesBuildPhase section */
		6AB56FBF2BAA7C9F003EE710 /* CopyFiles */ = {
			isa = PBXCopyFilesBuildPhase;
			buildActionMask = 2147483647;
			dstPath = /usr/share/man/man1/;
			dstSubfolderSpec = 0;
			files = (
			);
			runOnlyForDeploymentPostprocessing = 1;
		};
/* End PBXCopyFilesBuildPhase section */

/* Begin PBXFileReference section */
		6AB56FC12BAA7C9F003EE710 /* Assignment 1 */ = {isa = PBXFileReference; explicitFileType = "compiled.mach-o.executable"; includeInIndex = 0; path = "Assignment 1"; sourceTree = BUILT_PRODUCTS_DIR; };
		6AB56FCE2BAA7DE2003EE710 /* Data.txt */ = {isa = PBXFileReference; fileEncoding = 4; lastKnownFileType = text; path = Data.txt; sourceTree = "<group>"; };
		6AB56FD02BAA7DE7003EE710 /* Vector3D_PS1.cpp */ = {isa = PBXFileReference; fileEncoding = 4; lastKnownFileType = sourcecode.cpp.cpp; path = Vector3D_PS1.cpp; sourceTree = "<group>"; };
		6AB56FD32BAA7DED003EE710 /* Parallelogram.txt */ = {isa = PBXFileReference; fileEncoding = 4; lastKnownFileType = text; path = Parallelogram.txt; sourceTree = "<group>"; };
		6AB56FD62BAA7DF2003EE710 /* Main.cpp */ = {isa = PBXFileReference; fileEncoding = 4; lastKnownFileType = sourcecode.cpp.cpp; path = Main.cpp; sourceTree = "<group>"; };
		6AB56FDE2BAA88D0003EE710 /* Matrix3x3_PS1.cpp */ = {isa = PBXFileReference; lastKnownFileType = sourcecode.cpp.cpp; path = Matrix3x3_PS1.cpp; sourceTree = "<group>"; };
		6AB56FE62BABBFD8003EE710 /* Vector3D.h */ = {isa = PBXFileReference; fileEncoding = 4; lastKnownFileType = sourcecode.c.h; path = Vector3D.h; sourceTree = "<group>"; };
		6AB56FE72BABBFD8003EE710 /* Vector2D.cpp */ = {isa = PBXFileReference; fileEncoding = 4; lastKnownFileType = sourcecode.cpp.cpp; path = Vector2D.cpp; sourceTree = "<group>"; };
		6AB56FE82BABBFD8003EE710 /* Matrix3x3.h */ = {isa = PBXFileReference; fileEncoding = 4; lastKnownFileType = sourcecode.c.h; path = Matrix3x3.h; sourceTree = "<group>"; };
		6AB56FE92BABBFD8003EE710 /* Vector3D.cpp */ = {isa = PBXFileReference; fileEncoding = 4; lastKnownFileType = sourcecode.cpp.cpp; path = Vector3D.cpp; sourceTree = "<group>"; };
		6AB56FEA2BABBFD8003EE710 /* Polygon.cpp */ = {isa = PBXFileReference; fileEncoding = 4; lastKnownFileType = sourcecode.cpp.cpp; path = Polygon.cpp; sourceTree = "<group>"; };
		6AB56FEB2BABBFD8003EE710 /* Polygon.h */ = {isa = PBXFileReference; fileEncoding = 4; lastKnownFileType = sourcecode.c.h; path = Polygon.h; sourceTree = "<group>"; };
		6AB56FEC2BABBFD8003EE710 /* Vector2D.h */ = {isa = PBXFileReference; fileEncoding = 4; lastKnownFileType = sourcecode.c.h; path = Vector2D.h; sourceTree = "<group>"; };
		6AB56FED2BABBFD9003EE710 /* Matrix3x3.cpp */ = {isa = PBXFileReference; fileEncoding = 4; lastKnownFileType = sourcecode.cpp.cpp; path = Matrix3x3.cpp; sourceTree = "<group>"; };
		6AB56FF22BABF124003EE710 /* Polygon_PS1.cpp */ = {isa = PBXFileReference; lastKnownFileType = sourcecode.cpp.cpp; path = Polygon_PS1.cpp; sourceTree = "<group>"; };
/* End PBXFileReference section */

/* Begin PBXFrameworksBuildPhase section */
		6AB56FBE2BAA7C9F003EE710 /* Frameworks */ = {
			isa = PBXFrameworksBuildPhase;
			buildActionMask = 2147483647;
			files = (
			);
			runOnlyForDeploymentPostprocessing = 0;
		};
/* End PBXFrameworksBuildPhase section */

/* Begin PBXGroup section */
		6AB56FB82BAA7C9F003EE710 = {
			isa = PBXGroup;
			children = (
				6AB56FC32BAA7C9F003EE710 /* Assignment 1 */,
				6AB56FC22BAA7C9F003EE710 /* Products */,
			);
			sourceTree = "<group>";
		};
		6AB56FC22BAA7C9F003EE710 /* Products */ = {
			isa = PBXGroup;
			children = (
				6AB56FC12BAA7C9F003EE710 /* Assignment 1 */,
			);
			name = Products;
			sourceTree = "<group>";
		};
		6AB56FC32BAA7C9F003EE710 /* Assignment 1 */ = {
			isa = PBXGroup;
			children = (
				6AB56FED2BABBFD9003EE710 /* Matrix3x3.cpp */,
				6AB56FE82BABBFD8003EE710 /* Matrix3x3.h */,
				6AB56FEA2BABBFD8003EE710 /* Polygon.cpp */,
				6AB56FEB2BABBFD8003EE710 /* Polygon.h */,
				6AB56FE72BABBFD8003EE710 /* Vector2D.cpp */,
				6AB56FEC2BABBFD8003EE710 /* Vector2D.h */,
				6AB56FE92BABBFD8003EE710 /* Vector3D.cpp */,
				6AB56FE62BABBFD8003EE710 /* Vector3D.h */,
				6AB56FCE2BAA7DE2003EE710 /* Data.txt */,
				6AB56FD62BAA7DF2003EE710 /* Main.cpp */,
				6AB56FD32BAA7DED003EE710 /* Parallelogram.txt */,
				6AB56FDE2BAA88D0003EE710 /* Matrix3x3_PS1.cpp */,
				6AB56FD02BAA7DE7003EE710 /* Vector3D_PS1.cpp */,
				6AB56FF22BABF124003EE710 /* Polygon_PS1.cpp */,
			);
			path = "Assignment 1";
			sourceTree = "<group>";
		};
/* End PBXGroup section */

/* Begin PBXNativeTarget section */
		6AB56FC02BAA7C9F003EE710 /* Assignment 1 */ = {
			isa = PBXNativeTarget;
			buildConfigurationList = 6AB56FC82BAA7C9F003EE710 /* Build configuration list for PBXNativeTarget "Assignment 1" */;
			buildPhases = (
				6AB56FBD2BAA7C9F003EE710 /* Sources */,
				6AB56FBE2BAA7C9F003EE710 /* Frameworks */,
				6AB56FBF2BAA7C9F003EE710 /* CopyFiles */,
			);
			buildRules = (
			);
			dependencies = (
			);
			name = "Assignment 1";
			productName = "Assignment 1";
			productReference = 6AB56FC12BAA7C9F003EE710 /* Assignment 1 */;
			productType = "com.apple.product-type.tool";
		};
/* End PBXNativeTarget section */

/* Begin PBXProject section */
		6AB56FB92BAA7C9F003EE710 /* Project object */ = {
			isa = PBXProject;
			attributes = {
				BuildIndependentTargetsInParallel = 1;
				LastUpgradeCheck = 1420;
				TargetAttributes = {
					6AB56FC02BAA7C9F003EE710 = {
						CreatedOnToolsVersion = 14.2;
					};
				};
			};
			buildConfigurationList = 6AB56FBC2BAA7C9F003EE710 /* Build configuration list for PBXProject "Assignment 1" */;
			compatibilityVersion = "Xcode 14.0";
			developmentRegion = en;
			hasScannedForEncodings = 0;
			knownRegions = (
				en,
				Base,
			);
			mainGroup = 6AB56FB82BAA7C9F003EE710;
			productRefGroup = 6AB56FC22BAA7C9F003EE710 /* Products */;
			projectDirPath = "";
			projectRoot = "";
			targets = (
				6AB56FC02BAA7C9F003EE710 /* Assignment 1 */,
			);
		};
/* End PBXProject section */

/* Begin PBXSourcesBuildPhase section */
		6AB56FBD2BAA7C9F003EE710 /* Sources */ = {
			isa = PBXSourcesBuildPhase;
			buildActionMask = 2147483647;
			files = (
				6AB56FF12BABBFD9003EE710 /* Matrix3x3.cpp in Sources */,
				6AB56FDD2BAA7DF4003EE710 /* Main.cpp in Sources */,
				6AB56FDF2BAA88D0003EE710 /* Matrix3x3_PS1.cpp in Sources */,
				6AB56FF32BABF124003EE710 /* Polygon_PS1.cpp in Sources */,
				6AB56FF02BABBFD9003EE710 /* Polygon.cpp in Sources */,
				6AB56FEE2BABBFD9003EE710 /* Vector2D.cpp in Sources */,
				6AB56FEF2BABBFD9003EE710 /* Vector3D.cpp in Sources */,
				6AB56FDA2BAA7DF4003EE710 /* Vector3D_PS1.cpp in Sources */,
			);
			runOnlyForDeploymentPostprocessing = 0;
		};
/* End PBXSourcesBuildPhase section */

/* Begin XCBuildConfiguration section */
		6AB56FC62BAA7C9F003EE710 /* Debug */ = {
			isa = XCBuildConfiguration;
			buildSettings = {
				ALWAYS_SEARCH_USER_PATHS = NO;
				CLANG_ANALYZER_NONNULL = YES;
				CLANG_ANALYZER_NUMBER_OBJECT_CONVERSION = YES_AGGRESSIVE;
				CLANG_CXX_LANGUAGE_STANDARD = "gnu++20";
				CLANG_ENABLE_MODULES = YES;
				CLANG_ENABLE_OBJC_ARC = YES;
				CLANG_ENABLE_OBJC_WEAK = YES;
				CLANG_WARN_BLOCK_CAPTURE_AUTORELEASING = YES;
				CLANG_WARN_BOOL_CONVERSION = YES;
				CLANG_WARN_COMMA = YES;
				CLANG_WARN_CONSTANT_CONVERSION = YES;
				CLANG_WARN_DEPRECATED_OBJC_IMPLEMENTATIONS = YES;
				CLANG_WARN_DIRECT_OBJC_ISA_USAGE = YES_ERROR;
				CLANG_WARN_DOCUMENTATION_COMMENTS = YES;
				CLANG_WARN_EMPTY_BODY = YES;
				CLANG_WARN_ENUM_CONVERSION = YES;
				CLANG_WARN_INFINITE_RECURSION = YES;
				CLANG_WARN_INT_CONVERSION = YES;
				CLANG_WARN_NON_LITERAL_NULL_CONVERSION = YES;
				CLANG_WARN_OBJC_IMPLICIT_RETAIN_SELF = YES;
				CLANG_WARN_OBJC_LITERAL_CONVERSION = YES;
				CLANG_WARN_OBJC_ROOT_CLASS = YES_ERROR;
				CLANG_WARN_QUOTED_INCLUDE_IN_FRAMEWORK_HEADER = YES;
				CLANG_WARN_RANGE_LOOP_ANALYSIS = YES;
				CLANG_WARN_STRICT_PROTOTYPES = YES;
				CLANG_WARN_SUSPICIOUS_MOVE = YES;
				CLANG_WARN_UNGUARDED_AVAILABILITY = YES_AGGRESSIVE;
				CLANG_WARN_UNREACHABLE_CODE = YES;
				CLANG_WARN__DUPLICATE_METHOD_MATCH = YES;
				COPY_PHASE_STRIP = NO;
				DEBUG_INFORMATION_FORMAT = dwarf;
				ENABLE_STRICT_OBJC_MSGSEND = YES;
				ENABLE_TESTABILITY = YES;
				GCC_C_LANGUAGE_STANDARD = gnu11;
				GCC_DYNAMIC_NO_PIC = NO;
				GCC_NO_COMMON_BLOCKS = YES;
				GCC_OPTIMIZATION_LEVEL = 0;
				GCC_PREPROCESSOR_DEFINITIONS = (
					"DEBUG=1",
					"$(inherited)",
				);
				GCC_WARN_64_TO_32_BIT_CONVERSION = YES;
				GCC_WARN_ABOUT_RETURN_TYPE = YES_ERROR;
				GCC_WARN_UNDECLARED_SELECTOR = YES;
				GCC_WARN_UNINITIALIZED_AUTOS = YES_AGGRESSIVE;
				GCC_WARN_UNUSED_FUNCTION = YES;
				GCC_WARN_UNUSED_VARIABLE = YES;
				MACOSX_DEPLOYMENT_TARGET = 12.6;
				MTL_ENABLE_DEBUG_INFO = INCLUDE_SOURCE;
				MTL_FAST_MATH = YES;
				ONLY_ACTIVE_ARCH = YES;
				SDKROOT = macosx;
			};
			name = Debug;
		};
		6AB56FC72BAA7C9F003EE710 /* Release */ = {
			isa = XCBuildConfiguration;
			buildSettings = {
				ALWAYS_SEARCH_USER_PATHS = NO;
				CLANG_ANALYZER_NONNULL = YES;
				CLANG_ANALYZER_NUMBER_OBJECT_CONVERSION = YES_AGGRESSIVE;
				CLANG_CXX_LANGUAGE_STANDARD = "gnu++20";
				CLANG_ENABLE_MODULES = YES;
				CLANG_ENABLE_OBJC_ARC = YES;
				CLANG_ENABLE_OBJC_WEAK = YES;
				CLANG_WARN_BLOCK_CAPTURE_AUTORELEASING = YES;
				CLANG_WARN_BOOL_CONVERSION = YES;
				CLANG_WARN_COMMA = YES;
				CLANG_WARN_CONSTANT_CONVERSION = YES;
				CLANG_WARN_DEPRECATED_OBJC_IMPLEMENTATIONS = YES;
				CLANG_WARN_DIRECT_OBJC_ISA_USAGE = YES_ERROR;
				CLANG_WARN_DOCUMENTATION_COMMENTS = YES;
				CLANG_WARN_EMPTY_BODY = YES;
				CLANG_WARN_ENUM_CONVERSION = YES;
				CLANG_WARN_INFINITE_RECURSION = YES;
				CLANG_WARN_INT_CONVERSION = YES;
				CLANG_WARN_NON_LITERAL_NULL_CONVERSION = YES;
				CLANG_WARN_OBJC_IMPLICIT_RETAIN_SELF = YES;
				CLANG_WARN_OBJC_LITERAL_CONVERSION = YES;
				CLANG_WARN_OBJC_ROOT_CLASS = YES_ERROR;
				CLANG_WARN_QUOTED_INCLUDE_IN_FRAMEWORK_HEADER = YES;
				CLANG_WARN_RANGE_LOOP_ANALYSIS = YES;
				CLANG_WARN_STRICT_PROTOTYPES = YES;
				CLANG_WARN_SUSPICIOUS_MOVE = YES;
				CLANG_WARN_UNGUARDED_AVAILABILITY = YES_AGGRESSIVE;
				CLANG_WARN_UNREACHABLE_CODE = YES;
				CLANG_WARN__DUPLICATE_METHOD_MATCH = YES;
				COPY_PHASE_STRIP = NO;
				DEBUG_INFORMATION_FORMAT = "dwarf-with-dsym";
				ENABLE_NS_ASSERTIONS = NO;
				ENABLE_STRICT_OBJC_MSGSEND = YES;
				GCC_C_LANGUAGE_STANDARD = gnu11;
				GCC_NO_COMMON_BLOCKS = YES;
				GCC_WARN_64_TO_32_BIT_CONVERSION = YES;
				GCC_WARN_ABOUT_RETURN_TYPE = YES_ERROR;
				GCC_WARN_UNDECLARED_SELECTOR = YES;
				GCC_WARN_UNINITIALIZED_AUTOS = YES_AGGRESSIVE;
				GCC_WARN_UNUSED_FUNCTION = YES;
				GCC_WARN_UNUSED_VARIABLE = YES;
				MACOSX_DEPLOYMENT_TARGET = 12.6;
				MTL_ENABLE_DEBUG_INFO = NO;
				MTL_FAST_MATH = YES;
				SDKROOT = macosx;
			};
			name = Release;
		};
		6AB56FC92BAA7C9F003EE710 /* Debug */ = {
			isa = XCBuildConfiguration;
			buildSettings = {
				CODE_SIGN_STYLE = Automatic;
				PRODUCT_NAME = "$(TARGET_NAME)";
			};
			name = Debug;
		};
		6AB56FCA2BAA7C9F003EE710 /* Release */ = {
			isa = XCBuildConfiguration;
			buildSettings = {
				CODE_SIGN_STYLE = Automatic;
				PRODUCT_NAME = "$(TARGET_NAME)";
			};
			name = Release;
		};
/* End XCBuildConfiguration section */

/* Begin XCConfigurationList section */
		6AB56FBC2BAA7C9F003EE710 /* Build configuration list for PBXProject "Assignment 1" */ = {
			isa = XCConfigurationList;
			buildConfigurations = (
				6AB56FC62BAA7C9F003EE710 /* Debug */,
				6AB56FC72BAA7C9F003EE710 /* Release */,
			);
			defaultConfigurationIsVisible = 0;
			defaultConfigurationName = Release;
		};
		6AB56FC82BAA7C9F003EE710 /* Build configuration list for PBXNativeTarget "Assignment 1" */ = {
			isa = XCConfigurationList;
			buildConfigurations = (
				6AB56FC92BAA7C9F003EE710 /* Debug */,
				6AB56FCA2BAA7C9F003EE710 /* Release */,
			);
			defaultConfigurationIsVisible = 0;
			defaultConfigurationName = Release;
		};
/* End XCConfigurationList section */
	};
	rootObject = 6AB56FB92BAA7C9F003EE710 /* Project object */;
}
